{
  "name": "dsa-support",
  "version": "0.0.1",
  "lockfileVersion": 3,
  "requires": true,
  "packages": {
    "": {
      "name": "dsa-support",
      "version": "0.0.1",
      "hasInstallScript": true,
      "license": "MIT",
      "dependencies": {
        "@mydaz/dsa-tsserver-plugin": "file:./dsa-tsserver-plugin"
      },
      "engines": {
        "vscode": "^1.100.0"
      }
    },
    "dsa-tsserver-plugin": {
      "name": "@mydaz/dsa-tsserver-plugin",
      "version": "0.0.1"
    },
    "node_modules/@mydaz/dsa-tsserver-plugin": {
      "resolved": "dsa-tsserver-plugin",
      "link": true
    }
  }
}
